
Microsoft Visual Studio Solution File, Format Version 12.00
# Visual Studio Version 16
VisualStudioVersion = 16.0.31702.278
MinimumVisualStudioVersion = 10.0.40219.1
Project("{FAE04EC0-301F-11D3-BF4B-00C04F79EFBC}") = "App1", "App1\App1.csproj", "{F915D75E-9CDC-4C5C-B943-3B79541C3A75}"
EndProject
Global
	GlobalSection(SolutionConfigurationPlatforms) = preSolution
		Debug|Any CPU = Debug|Any CPU
		Release|Any CPU = Release|Any CPU
	EndGlobalSection
	GlobalSection(ProjectConfigurationPlatforms) = postSolution
		{F915D75E-9CDC-4C5C-B943-3B79541C3A75}.Debug|Any CPU.ActiveCfg = Debug|Any CPU
		{F915D75E-9CDC-4C5C-B943-3B79541C3A75}.Debug|Any CPU.Build.0 = Debug|Any CPU
		{F915D75E-9CDC-4C5C-B943-3B79541C3A75}.Release|Any CPU.ActiveCfg = Release|Any CPU
		{F915D75E-9CDC-4C5C-B943-3B79541C3A75}.Release|Any CPU.Build.0 = Release|Any CPU
	EndGlobalSection
	GlobalSection(SolutionProperties) = preSolution
		HideSolutionNode = FALSE
	EndGlobalSection
	GlobalSection(ExtensibilityGlobals) = postSolution
		SolutionGuid = {D11B54D9-8A15-4E59-BECD-011256102ED7}
	EndGlobalSection
EndGlobal
